{
  "name": "manifold-tools",
  "version": "0.0.1",
  "lockfileVersion": 3,
  "requires": true,
  "packages": {
    "": {
      "name": "manifold-tools",
      "version": "0.0.1",
      "license": "MIT",
      "workspaces": [
        "packages/manifold-lib",
        "packages/manifold-utils",
        "packages/demo"
      ]
    },
    "node_modules/demo": {
      "resolved": "packages/demo",
      "link": true
    },
    "node_modules/manifold-3d": {
      "version": "3.0.0",
      "resolved": "https://registry.npmjs.org/manifold-3d/-/manifold-3d-3.0.0.tgz",
      "integrity": "sha512-6XxRf5LH4s7WIlRrvtzLMg+CHio5TznIE0w0PU/Ad8IzD36QLjb64QdSeQp9ISrk4tGtIqVAycevpPe1ExGTKg==",
      "license": "Apache-2.0"
    },
    "node_modules/manifold-lib": {
      "resolved": "packages/manifold-lib",
      "link": true
    },
    "node_modules/manifold-utils": {
      "resolved": "packages/manifold-utils",
      "link": true
    },
    "packages/demo": {
      "version": "0.0.1",
      "license": "MIT",
      "dependencies": {
        "manifold-lib": "*",
        "manifold-utils": "*"
      }
    },
    "packages/manifold-lib": {
      "version": "0.0.1",
      "license": "MIT",
      "dependencies": {
        "manifold-3d": "^3.0.0"
      }
    },
    "packages/manifold-utils": {
      "version": "0.0.1",
      "license": "MIT",
      "dependencies": {
        "manifold-lib": "*"
      }
    }
  }
}
